
Microsoft Visual Studio Solution File, Format Version 12.00
# Visual Studio Version 16
VisualStudioVersion = 16.0.31321.278
MinimumVisualStudioVersion = 10.0.40219.1
Project("{FAE04EC0-301F-11D3-BF4B-00C04F79EFBC}") = "notificacion al telefono", "notificacion al telefono\notificacion al telefono.csproj", "{C79F8B72-2959-41A2-B957-3EE142FCE890}"
EndProject
Global
	GlobalSection(SolutionConfigurationPlatforms) = preSolution
		Debug|Any CPU = Debug|Any CPU
		Release|Any CPU = Release|Any CPU
	EndGlobalSection
	GlobalSection(ProjectConfigurationPlatforms) = postSolution
		{C79F8B72-2959-41A2-B957-3EE142FCE890}.Debug|Any CPU.ActiveCfg = Debug|Any CPU
		{C79F8B72-2959-41A2-B957-3EE142FCE890}.Debug|Any CPU.Build.0 = Debug|Any CPU
		{C79F8B72-2959-41A2-B957-3EE142FCE890}.Release|Any CPU.ActiveCfg = Release|Any CPU
		{C79F8B72-2959-41A2-B957-3EE142FCE890}.Release|Any CPU.Build.0 = Release|Any CPU
	EndGlobalSection
	GlobalSection(SolutionProperties) = preSolution
		HideSolutionNode = FALSE
	EndGlobalSection
	GlobalSection(ExtensibilityGlobals) = postSolution
		SolutionGuid = {9CA92FF8-5F72-40CF-A714-887D8E5446A1}
	EndGlobalSection
EndGlobal
